// !$*UTF8*$!
{
	archiveVersion = 1;
	classes = {
	};
	objectVersion = 50;
	objects = {

/* Begin PBXBuildFile section */
		22C3F7A220DBA0A300C1EB79 /* AppDelegate.swift in Sources */ = {isa = PBXBuildFile; fileRef = 22C3F7A120DBA0A300C1EB79 /* AppDelegate.swift */; };
		22C3F7A720DBA0A300C1EB79 /* Start.storyboard in Resources */ = {isa = PBXBuildFile; fileRef = 22C3F7A520DBA0A300C1EB79 /* Start.storyboard */; };
		22C3F7AA20DBA0A300C1EB79 /* DemoiOSTwaalf.xcdatamodeld in Sources */ = {isa = PBXBuildFile; fileRef = 22C3F7A820DBA0A300C1EB79 /* DemoiOSTwaalf.xcdatamodeld */; };
		22C3F7AC20DBA0A500C1EB79 /* Assets.xcassets in Resources */ = {isa = PBXBuildFile; fileRef = 22C3F7AB20DBA0A500C1EB79 /* Assets.xcassets */; };
		22C3F7AF20DBA0A500C1EB79 /* LaunchScreen.storyboard in Resources */ = {isa = PBXBuildFile; fileRef = 22C3F7AD20DBA0A500C1EB79 /* LaunchScreen.storyboard */; };
		22C3F7BA20DBA0A600C1EB79 /* DemoiOSTwaalfTests.swift in Sources */ = {isa = PBXBuildFile; fileRef = 22C3F7B920DBA0A600C1EB79 /* DemoiOSTwaalfTests.swift */; };
		22C3F7C920DBB8D500C1EB79 /* Bar.swift in Sources */ = {isa = PBXBuildFile; fileRef = 22C3F7C820DBB8D500C1EB79 /* Bar.swift */; };
		22C3F7CC20DBB94100C1EB79 /* Utils.swift in Sources */ = {isa = PBXBuildFile; fileRef = 22C3F7CB20DBB94100C1EB79 /* Utils.swift */; };
		22C3F7CF20DBB99300C1EB79 /* BarsDelegate.swift in Sources */ = {isa = PBXBuildFile; fileRef = 22C3F7CE20DBB99300C1EB79 /* BarsDelegate.swift */; };
		22C3F7D720DBBBF700C1EB79 /* UIApplication+Nav.swift in Sources */ = {isa = PBXBuildFile; fileRef = 22C3F7D620DBBBF700C1EB79 /* UIApplication+Nav.swift */; };
		22C3F7D920DBBC1500C1EB79 /* UIView+Nib.swift in Sources */ = {isa = PBXBuildFile; fileRef = 22C3F7D820DBBC1500C1EB79 /* UIView+Nib.swift */; };
		22C3F7DB20DBBC6E00C1EB79 /* MainNavigationController.swift in Sources */ = {isa = PBXBuildFile; fileRef = 22C3F7DA20DBBC6E00C1EB79 /* MainNavigationController.swift */; };
		22C3F7DD20DBBCD200C1EB79 /* EmptyBarView.swift in Sources */ = {isa = PBXBuildFile; fileRef = 22C3F7DC20DBBCD200C1EB79 /* EmptyBarView.swift */; };
		22C3F7DF20DBBCFB00C1EB79 /* TitleBarView.swift in Sources */ = {isa = PBXBuildFile; fileRef = 22C3F7DE20DBBCFB00C1EB79 /* TitleBarView.swift */; };
		22C3F7E120DBBD1600C1EB79 /* TitleBarView.xib in Resources */ = {isa = PBXBuildFile; fileRef = 22C3F7E020DBBD1600C1EB79 /* TitleBarView.xib */; };
		22C3F7E320DBBD2F00C1EB79 /* BarView.swift in Sources */ = {isa = PBXBuildFile; fileRef = 22C3F7E220DBBD2F00C1EB79 /* BarView.swift */; };
		22C3F7E520DBBD7E00C1EB79 /* MainViewController.swift in Sources */ = {isa = PBXBuildFile; fileRef = 22C3F7E420DBBD7E00C1EB79 /* MainViewController.swift */; };
		22C3F7E720DBD2FF00C1EB79 /* UIColor+Custom.swift in Sources */ = {isa = PBXBuildFile; fileRef = 22C3F7E620DBD2FF00C1EB79 /* UIColor+Custom.swift */; };
		22C3F7E920DBD55900C1EB79 /* Main.storyboard in Resources */ = {isa = PBXBuildFile; fileRef = 22C3F7E820DBD55900C1EB79 /* Main.storyboard */; };
		22C3F7EB20DBD7B200C1EB79 /* StartViewController.swift in Sources */ = {isa = PBXBuildFile; fileRef = 22C3F7EA20DBD7B200C1EB79 /* StartViewController.swift */; };
		22C3F7ED20DBDB3100C1EB79 /* MLVC.swift in Sources */ = {isa = PBXBuildFile; fileRef = 22C3F7EC20DBDB3100C1EB79 /* MLVC.swift */; };
		22C3F7EF20DBDB5700C1EB79 /* ML.storyboard in Resources */ = {isa = PBXBuildFile; fileRef = 22C3F7EE20DBDB5700C1EB79 /* ML.storyboard */; };
		22C3F7F420DCF6D000C1EB79 /* ImageMaining.storyboard in Resources */ = {isa = PBXBuildFile; fileRef = 22C3F7F320DCF6D000C1EB79 /* ImageMaining.storyboard */; };
		22C3F7F620DCF6F300C1EB79 /* ImageMainingVC.swift in Sources */ = {isa = PBXBuildFile; fileRef = 22C3F7F520DCF6F300C1EB79 /* ImageMainingVC.swift */; };
		22C3F7F820DCFD6C00C1EB79 /* OthersML.storyboard in Resources */ = {isa = PBXBuildFile; fileRef = 22C3F7F720DCFD6C00C1EB79 /* OthersML.storyboard */; };
		22C3F7FA20DCFD8E00C1EB79 /* TextMaining.storyboard in Resources */ = {isa = PBXBuildFile; fileRef = 22C3F7F920DCFD8E00C1EB79 /* TextMaining.storyboard */; };
		22C3F7FC20DCFDA900C1EB79 /* TextMainingVC.swift in Sources */ = {isa = PBXBuildFile; fileRef = 22C3F7FB20DCFDA900C1EB79 /* TextMainingVC.swift */; };
		22C3F7FE20DCFDC800C1EB79 /* OthersMLVC.swift in Sources */ = {isa = PBXBuildFile; fileRef = 22C3F7FD20DCFDC800C1EB79 /* OthersMLVC.swift */; };
		22C3F80020DD081D00C1EB79 /* DefaultButton.swift in Sources */ = {isa = PBXBuildFile; fileRef = 22C3F7FF20DD081D00C1EB79 /* DefaultButton.swift */; };
		22C3F80220DD08B100C1EB79 /* ShadedViews.swift in Sources */ = {isa = PBXBuildFile; fileRef = 22C3F80120DD08B100C1EB79 /* ShadedViews.swift */; };
		22C3F80420DD08D200C1EB79 /* View+Shaded.swift in Sources */ = {isa = PBXBuildFile; fileRef = 22C3F80320DD08D200C1EB79 /* View+Shaded.swift */; };
		22C3F80620DD0FD600C1EB79 /* BigButton.swift in Sources */ = {isa = PBXBuildFile; fileRef = 22C3F80520DD0FD600C1EB79 /* BigButton.swift */; };
/* End PBXBuildFile section */

/* Begin PBXContainerItemProxy section */
		22C3F7B620DBA0A600C1EB79 /* PBXContainerItemProxy */ = {
			isa = PBXContainerItemProxy;
			containerPortal = 22C3F79620DBA0A300C1EB79 /* Project object */;
			proxyType = 1;
			remoteGlobalIDString = 22C3F79D20DBA0A300C1EB79;
			remoteInfo = DemoiOSTwaalf;
		};
/* End PBXContainerItemProxy section */

/* Begin PBXFileReference section */
		22C3F79E20DBA0A300C1EB79 /* DemoiOSTwaalf.app */ = {isa = PBXFileReference; explicitFileType = wrapper.application; includeInIndex = 0; path = DemoiOSTwaalf.app; sourceTree = BUILT_PRODUCTS_DIR; };
		22C3F7A120DBA0A300C1EB79 /* AppDelegate.swift */ = {isa = PBXFileReference; lastKnownFileType = sourcecode.swift; path = AppDelegate.swift; sourceTree = "<group>"; };
		22C3F7A620DBA0A300C1EB79 /* Base */ = {isa = PBXFileReference; lastKnownFileType = file.storyboard; name = Base; path = Base.lproj/Start.storyboard; sourceTree = "<group>"; };
		22C3F7A920DBA0A300C1EB79 /* DemoiOSTwaalf.xcdatamodel */ = {isa = PBXFileReference; lastKnownFileType = wrapper.xcdatamodel; path = DemoiOSTwaalf.xcdatamodel; sourceTree = "<group>"; };
		22C3F7AB20DBA0A500C1EB79 /* Assets.xcassets */ = {isa = PBXFileReference; lastKnownFileType = folder.assetcatalog; path = Assets.xcassets; sourceTree = "<group>"; };
		22C3F7AE20DBA0A500C1EB79 /* Base */ = {isa = PBXFileReference; lastKnownFileType = file.storyboard; name = Base; path = Base.lproj/LaunchScreen.storyboard; sourceTree = "<group>"; };
		22C3F7B020DBA0A500C1EB79 /* Info.plist */ = {isa = PBXFileReference; lastKnownFileType = text.plist.xml; path = Info.plist; sourceTree = "<group>"; };
		22C3F7B520DBA0A600C1EB79 /* DemoiOSTwaalfTests.xctest */ = {isa = PBXFileReference; explicitFileType = wrapper.cfbundle; includeInIndex = 0; path = DemoiOSTwaalfTests.xctest; sourceTree = BUILT_PRODUCTS_DIR; };
		22C3F7B920DBA0A600C1EB79 /* DemoiOSTwaalfTests.swift */ = {isa = PBXFileReference; lastKnownFileType = sourcecode.swift; path = DemoiOSTwaalfTests.swift; sourceTree = "<group>"; };
		22C3F7BB20DBA0A600C1EB79 /* Info.plist */ = {isa = PBXFileReference; lastKnownFileType = text.plist.xml; path = Info.plist; sourceTree = "<group>"; };
		22C3F7C820DBB8D500C1EB79 /* Bar.swift */ = {isa = PBXFileReference; lastKnownFileType = sourcecode.swift; path = Bar.swift; sourceTree = "<group>"; };
		22C3F7CB20DBB94100C1EB79 /* Utils.swift */ = {isa = PBXFileReference; lastKnownFileType = sourcecode.swift; path = Utils.swift; sourceTree = "<group>"; };
		22C3F7CE20DBB99300C1EB79 /* BarsDelegate.swift */ = {isa = PBXFileReference; lastKnownFileType = sourcecode.swift; path = BarsDelegate.swift; sourceTree = "<group>"; };
		22C3F7D620DBBBF700C1EB79 /* UIApplication+Nav.swift */ = {isa = PBXFileReference; lastKnownFileType = sourcecode.swift; path = "UIApplication+Nav.swift"; sourceTree = "<group>"; };
		22C3F7D820DBBC1500C1EB79 /* UIView+Nib.swift */ = {isa = PBXFileReference; lastKnownFileType = sourcecode.swift; path = "UIView+Nib.swift"; sourceTree = "<group>"; };
		22C3F7DA20DBBC6E00C1EB79 /* MainNavigationController.swift */ = {isa = PBXFileReference; lastKnownFileType = sourcecode.swift; path = MainNavigationController.swift; sourceTree = "<group>"; };
		22C3F7DC20DBBCD200C1EB79 /* EmptyBarView.swift */ = {isa = PBXFileReference; lastKnownFileType = sourcecode.swift; path = EmptyBarView.swift; sourceTree = "<group>"; };
		22C3F7DE20DBBCFB00C1EB79 /* TitleBarView.swift */ = {isa = PBXFileReference; lastKnownFileType = sourcecode.swift; path = TitleBarView.swift; sourceTree = "<group>"; };
		22C3F7E020DBBD1600C1EB79 /* TitleBarView.xib */ = {isa = PBXFileReference; fileEncoding = 4; lastKnownFileType = file.xib; path = TitleBarView.xib; sourceTree = "<group>"; };
		22C3F7E220DBBD2F00C1EB79 /* BarView.swift */ = {isa = PBXFileReference; lastKnownFileType = sourcecode.swift; path = BarView.swift; sourceTree = "<group>"; };
		22C3F7E420DBBD7E00C1EB79 /* MainViewController.swift */ = {isa = PBXFileReference; lastKnownFileType = sourcecode.swift; path = MainViewController.swift; sourceTree = "<group>"; };
		22C3F7E620DBD2FF00C1EB79 /* UIColor+Custom.swift */ = {isa = PBXFileReference; fileEncoding = 4; lastKnownFileType = sourcecode.swift; path = "UIColor+Custom.swift"; sourceTree = "<group>"; };
		22C3F7E820DBD55900C1EB79 /* Main.storyboard */ = {isa = PBXFileReference; fileEncoding = 4; lastKnownFileType = file.storyboard; path = Main.storyboard; sourceTree = "<group>"; };
		22C3F7EA20DBD7B200C1EB79 /* StartViewController.swift */ = {isa = PBXFileReference; fileEncoding = 4; lastKnownFileType = sourcecode.swift; path = StartViewController.swift; sourceTree = "<group>"; };
		22C3F7EC20DBDB3100C1EB79 /* MLVC.swift */ = {isa = PBXFileReference; lastKnownFileType = sourcecode.swift; path = MLVC.swift; sourceTree = "<group>"; };
		22C3F7EE20DBDB5700C1EB79 /* ML.storyboard */ = {isa = PBXFileReference; lastKnownFileType = file.storyboard; path = ML.storyboard; sourceTree = "<group>"; };
		22C3F7F320DCF6D000C1EB79 /* ImageMaining.storyboard */ = {isa = PBXFileReference; lastKnownFileType = file.storyboard; path = ImageMaining.storyboard; sourceTree = "<group>"; };
		22C3F7F520DCF6F300C1EB79 /* ImageMainingVC.swift */ = {isa = PBXFileReference; lastKnownFileType = sourcecode.swift; path = ImageMainingVC.swift; sourceTree = "<group>"; };
		22C3F7F720DCFD6C00C1EB79 /* OthersML.storyboard */ = {isa = PBXFileReference; lastKnownFileType = file.storyboard; path = OthersML.storyboard; sourceTree = "<group>"; };
		22C3F7F920DCFD8E00C1EB79 /* TextMaining.storyboard */ = {isa = PBXFileReference; lastKnownFileType = file.storyboard; path = TextMaining.storyboard; sourceTree = "<group>"; };
		22C3F7FB20DCFDA900C1EB79 /* TextMainingVC.swift */ = {isa = PBXFileReference; lastKnownFileType = sourcecode.swift; path = TextMainingVC.swift; sourceTree = "<group>"; };
		22C3F7FD20DCFDC800C1EB79 /* OthersMLVC.swift */ = {isa = PBXFileReference; lastKnownFileType = sourcecode.swift; path = OthersMLVC.swift; sourceTree = "<group>"; };
		22C3F7FF20DD081D00C1EB79 /* DefaultButton.swift */ = {isa = PBXFileReference; lastKnownFileType = sourcecode.swift; path = DefaultButton.swift; sourceTree = "<group>"; };
		22C3F80120DD08B100C1EB79 /* ShadedViews.swift */ = {isa = PBXFileReference; lastKnownFileType = sourcecode.swift; path = ShadedViews.swift; sourceTree = "<group>"; };
		22C3F80320DD08D200C1EB79 /* View+Shaded.swift */ = {isa = PBXFileReference; lastKnownFileType = sourcecode.swift; path = "View+Shaded.swift"; sourceTree = "<group>"; };
		22C3F80520DD0FD600C1EB79 /* BigButton.swift */ = {isa = PBXFileReference; lastKnownFileType = sourcecode.swift; path = BigButton.swift; sourceTree = "<group>"; };
/* End PBXFileReference section */

/* Begin PBXFrameworksBuildPhase section */
		22C3F79B20DBA0A300C1EB79 /* Frameworks */ = {
			isa = PBXFrameworksBuildPhase;
			buildActionMask = 2147483647;
			files = (
			);
			runOnlyForDeploymentPostprocessing = 0;
		};
		22C3F7B220DBA0A600C1EB79 /* Frameworks */ = {
			isa = PBXFrameworksBuildPhase;
			buildActionMask = 2147483647;
			files = (
			);
			runOnlyForDeploymentPostprocessing = 0;
		};
/* End PBXFrameworksBuildPhase section */

/* Begin PBXGroup section */
		22C3F79520DBA0A300C1EB79 = {
			isa = PBXGroup;
			children = (
				22C3F7A020DBA0A300C1EB79 /* DemoiOSTwaalf */,
				22C3F7B820DBA0A600C1EB79 /* DemoiOSTwaalfTests */,
				22C3F79F20DBA0A300C1EB79 /* Products */,
			);
			sourceTree = "<group>";
		};
		22C3F79F20DBA0A300C1EB79 /* Products */ = {
			isa = PBXGroup;
			children = (
				22C3F79E20DBA0A300C1EB79 /* DemoiOSTwaalf.app */,
				22C3F7B520DBA0A600C1EB79 /* DemoiOSTwaalfTests.xctest */,
			);
			name = Products;
			sourceTree = "<group>";
		};
		22C3F7A020DBA0A300C1EB79 /* DemoiOSTwaalf */ = {
			isa = PBXGroup;
			children = (
				22C3F7C620DBB88800C1EB79 /* Models */,
				22C3F7D120DBBAE200C1EB79 /* Views */,
				22C3F7D020DBBA6000C1EB79 /* Extension */,
				22C3F7CD20DBB96600C1EB79 /* Protocols */,
				22C3F7CA20DBB91A00C1EB79 /* Utils */,
				22C3F7A120DBA0A300C1EB79 /* AppDelegate.swift */,
				22C3F7A520DBA0A300C1EB79 /* Start.storyboard */,
				22C3F7EA20DBD7B200C1EB79 /* StartViewController.swift */,
				22C3F7E820DBD55900C1EB79 /* Main.storyboard */,
				22C3F7E420DBBD7E00C1EB79 /* MainViewController.swift */,
				22C3F7DA20DBBC6E00C1EB79 /* MainNavigationController.swift */,
				22C3F7AD20DBA0A500C1EB79 /* LaunchScreen.storyboard */,
				22C3F7AB20DBA0A500C1EB79 /* Assets.xcassets */,
				22C3F7B020DBA0A500C1EB79 /* Info.plist */,
				22C3F7A820DBA0A300C1EB79 /* DemoiOSTwaalf.xcdatamodeld */,
			);
			path = DemoiOSTwaalf;
			sourceTree = "<group>";
		};
		22C3F7B820DBA0A600C1EB79 /* DemoiOSTwaalfTests */ = {
			isa = PBXGroup;
			children = (
				22C3F7B920DBA0A600C1EB79 /* DemoiOSTwaalfTests.swift */,
				22C3F7BB20DBA0A600C1EB79 /* Info.plist */,
			);
			path = DemoiOSTwaalfTests;
			sourceTree = "<group>";
		};
		22C3F7C620DBB88800C1EB79 /* Models */ = {
			isa = PBXGroup;
			children = (
				22C3F7C720DBB8BB00C1EB79 /* Bars */,
			);
			path = Models;
			sourceTree = "<group>";
		};
		22C3F7C720DBB8BB00C1EB79 /* Bars */ = {
			isa = PBXGroup;
			children = (
				22C3F7C820DBB8D500C1EB79 /* Bar.swift */,
			);
			path = Bars;
			sourceTree = "<group>";
		};
		22C3F7CA20DBB91A00C1EB79 /* Utils */ = {
			isa = PBXGroup;
			children = (
				22C3F7CB20DBB94100C1EB79 /* Utils.swift */,
			);
			path = Utils;
			sourceTree = "<group>";
		};
		22C3F7CD20DBB96600C1EB79 /* Protocols */ = {
			isa = PBXGroup;
			children = (
				22C3F7CE20DBB99300C1EB79 /* BarsDelegate.swift */,
			);
			path = Protocols;
			sourceTree = "<group>";
		};
		22C3F7D020DBBA6000C1EB79 /* Extension */ = {
			isa = PBXGroup;
			children = (
				22C3F7FF20DD081D00C1EB79 /* DefaultButton.swift */,
				22C3F80520DD0FD600C1EB79 /* BigButton.swift */,
				22C3F80120DD08B100C1EB79 /* ShadedViews.swift */,
				22C3F80320DD08D200C1EB79 /* View+Shaded.swift */,
				22C3F7D620DBBBF700C1EB79 /* UIApplication+Nav.swift */,
				22C3F7D820DBBC1500C1EB79 /* UIView+Nib.swift */,
				22C3F7E620DBD2FF00C1EB79 /* UIColor+Custom.swift */,
			);
			path = Extension;
			sourceTree = "<group>";
		};
		22C3F7D120DBBAE200C1EB79 /* Views */ = {
			isa = PBXGroup;
			children = (
				22C3F7D420DBBB0900C1EB79 /* ML */,
				22C3F7D520DBBB3500C1EB79 /* AR */,
				22C3F7D320DBBB0200C1EB79 /* Main */,
				22C3F7D220DBBAF200C1EB79 /* Bars */,
			);
			path = Views;
			sourceTree = "<group>";
		};
		22C3F7D220DBBAF200C1EB79 /* Bars */ = {
			isa = PBXGroup;
			children = (
				22C3F7DC20DBBCD200C1EB79 /* EmptyBarView.swift */,
				22C3F7DE20DBBCFB00C1EB79 /* TitleBarView.swift */,
				22C3F7E020DBBD1600C1EB79 /* TitleBarView.xib */,
				22C3F7E220DBBD2F00C1EB79 /* BarView.swift */,
			);
			path = Bars;
			sourceTree = "<group>";
		};
		22C3F7D320DBBB0200C1EB79 /* Main */ = {
			isa = PBXGroup;
			children = (
			);
			path = Main;
			sourceTree = "<group>";
		};
		22C3F7D420DBBB0900C1EB79 /* ML */ = {
			isa = PBXGroup;
			children = (
				22C3F7F020DCF5D200C1EB79 /* ImageMaining */,
				22C3F7F120DCF5EE00C1EB79 /* TextMaining */,
				22C3F7F220DCF60000C1EB79 /* OthersML */,
				22C3F7EC20DBDB3100C1EB79 /* MLVC.swift */,
				22C3F7EE20DBDB5700C1EB79 /* ML.storyboard */,
			);
			path = ML;
			sourceTree = "<group>";
		};
		22C3F7D520DBBB3500C1EB79 /* AR */ = {
			isa = PBXGroup;
			children = (
			);
			path = AR;
			sourceTree = "<group>";
		};
		22C3F7F020DCF5D200C1EB79 /* ImageMaining */ = {
			isa = PBXGroup;
			children = (
				22C3F7F320DCF6D000C1EB79 /* ImageMaining.storyboard */,
				22C3F7F520DCF6F300C1EB79 /* ImageMainingVC.swift */,
			);
			path = ImageMaining;
			sourceTree = "<group>";
		};
		22C3F7F120DCF5EE00C1EB79 /* TextMaining */ = {
			isa = PBXGroup;
			children = (
				22C3F7F920DCFD8E00C1EB79 /* TextMaining.storyboard */,
				22C3F7FB20DCFDA900C1EB79 /* TextMainingVC.swift */,
			);
			path = TextMaining;
			sourceTree = "<group>";
		};
		22C3F7F220DCF60000C1EB79 /* OthersML */ = {
			isa = PBXGroup;
			children = (
				22C3F7F720DCFD6C00C1EB79 /* OthersML.storyboard */,
				22C3F7FD20DCFDC800C1EB79 /* OthersMLVC.swift */,
			);
			path = OthersML;
			sourceTree = "<group>";
		};
/* End PBXGroup section */

/* Begin PBXNativeTarget section */
		22C3F79D20DBA0A300C1EB79 /* DemoiOSTwaalf */ = {
			isa = PBXNativeTarget;
			buildConfigurationList = 22C3F7BE20DBA0A600C1EB79 /* Build configuration list for PBXNativeTarget "DemoiOSTwaalf" */;
			buildPhases = (
				22C3F79A20DBA0A300C1EB79 /* Sources */,
				22C3F79B20DBA0A300C1EB79 /* Frameworks */,
				22C3F79C20DBA0A300C1EB79 /* Resources */,
			);
			buildRules = (
			);
			dependencies = (
			);
			name = DemoiOSTwaalf;
			productName = DemoiOSTwaalf;
			productReference = 22C3F79E20DBA0A300C1EB79 /* DemoiOSTwaalf.app */;
			productType = "com.apple.product-type.application";
		};
		22C3F7B420DBA0A600C1EB79 /* DemoiOSTwaalfTests */ = {
			isa = PBXNativeTarget;
			buildConfigurationList = 22C3F7C120DBA0A600C1EB79 /* Build configuration list for PBXNativeTarget "DemoiOSTwaalfTests" */;
			buildPhases = (
				22C3F7B120DBA0A600C1EB79 /* Sources */,
				22C3F7B220DBA0A600C1EB79 /* Frameworks */,
				22C3F7B320DBA0A600C1EB79 /* Resources */,
			);
			buildRules = (
			);
			dependencies = (
				22C3F7B720DBA0A600C1EB79 /* PBXTargetDependency */,
			);
			name = DemoiOSTwaalfTests;
			productName = DemoiOSTwaalfTests;
			productReference = 22C3F7B520DBA0A600C1EB79 /* DemoiOSTwaalfTests.xctest */;
			productType = "com.apple.product-type.bundle.unit-test";
		};
/* End PBXNativeTarget section */

/* Begin PBXProject section */
		22C3F79620DBA0A300C1EB79 /* Project object */ = {
			isa = PBXProject;
			attributes = {
				LastSwiftUpdateCheck = 0940;
				LastUpgradeCheck = 0940;
				ORGANIZATIONNAME = "Grzesiek Kulesza";
				TargetAttributes = {
					22C3F79D20DBA0A300C1EB79 = {
						CreatedOnToolsVersion = 9.4.1;
					};
					22C3F7B420DBA0A600C1EB79 = {
						CreatedOnToolsVersion = 9.4.1;
						TestTargetID = 22C3F79D20DBA0A300C1EB79;
					};
				};
			};
			buildConfigurationList = 22C3F79920DBA0A300C1EB79 /* Build configuration list for PBXProject "DemoiOSTwaalf" */;
			compatibilityVersion = "Xcode 9.3";
			developmentRegion = en;
			hasScannedForEncodings = 0;
			knownRegions = (
				en,
				Base,
			);
			mainGroup = 22C3F79520DBA0A300C1EB79;
			productRefGroup = 22C3F79F20DBA0A300C1EB79 /* Products */;
			projectDirPath = "";
			projectRoot = "";
			targets = (
				22C3F79D20DBA0A300C1EB79 /* DemoiOSTwaalf */,
				22C3F7B420DBA0A600C1EB79 /* DemoiOSTwaalfTests */,
			);
		};
/* End PBXProject section */

/* Begin PBXResourcesBuildPhase section */
		22C3F79C20DBA0A300C1EB79 /* Resources */ = {
			isa = PBXResourcesBuildPhase;
			buildActionMask = 2147483647;
			files = (
				22C3F7FA20DCFD8E00C1EB79 /* TextMaining.storyboard in Resources */,
				22C3F7F820DCFD6C00C1EB79 /* OthersML.storyboard in Resources */,
				22C3F7F420DCF6D000C1EB79 /* ImageMaining.storyboard in Resources */,
				22C3F7AF20DBA0A500C1EB79 /* LaunchScreen.storyboard in Resources */,
				22C3F7E920DBD55900C1EB79 /* Main.storyboard in Resources */,
				22C3F7AC20DBA0A500C1EB79 /* Assets.xcassets in Resources */,
				22C3F7EF20DBDB5700C1EB79 /* ML.storyboard in Resources */,
				22C3F7A720DBA0A300C1EB79 /* Start.storyboard in Resources */,
				22C3F7E120DBBD1600C1EB79 /* TitleBarView.xib in Resources */,
			);
			runOnlyForDeploymentPostprocessing = 0;
		};
		22C3F7B320DBA0A600C1EB79 /* Resources */ = {
			isa = PBXResourcesBuildPhase;
			buildActionMask = 2147483647;
			files = (
			);
			runOnlyForDeploymentPostprocessing = 0;
		};
/* End PBXResourcesBuildPhase section */

/* Begin PBXSourcesBuildPhase section */
		22C3F79A20DBA0A300C1EB79 /* Sources */ = {
			isa = PBXSourcesBuildPhase;
			buildActionMask = 2147483647;
			files = (
				22C3F7E720DBD2FF00C1EB79 /* UIColor+Custom.swift in Sources */,
				22C3F7E320DBBD2F00C1EB79 /* BarView.swift in Sources */,
				22C3F7E520DBBD7E00C1EB79 /* MainViewController.swift in Sources */,
				22C3F7DB20DBBC6E00C1EB79 /* MainNavigationController.swift in Sources */,
				22C3F7FE20DCFDC800C1EB79 /* OthersMLVC.swift in Sources */,
				22C3F7CC20DBB94100C1EB79 /* Utils.swift in Sources */,
				22C3F80420DD08D200C1EB79 /* View+Shaded.swift in Sources */,
				22C3F80020DD081D00C1EB79 /* DefaultButton.swift in Sources */,
				22C3F7EB20DBD7B200C1EB79 /* StartViewController.swift in Sources */,
				22C3F7DD20DBBCD200C1EB79 /* EmptyBarView.swift in Sources */,
				22C3F7ED20DBDB3100C1EB79 /* MLVC.swift in Sources */,
				22C3F7D720DBBBF700C1EB79 /* UIApplication+Nav.swift in Sources */,
				22C3F7CF20DBB99300C1EB79 /* BarsDelegate.swift in Sources */,
				22C3F7DF20DBBCFB00C1EB79 /* TitleBarView.swift in Sources */,
				22C3F7FC20DCFDA900C1EB79 /* TextMainingVC.swift in Sources */,
				22C3F7C920DBB8D500C1EB79 /* Bar.swift in Sources */,
				22C3F80620DD0FD600C1EB79 /* BigButton.swift in Sources */,
				22C3F7D920DBBC1500C1EB79 /* UIView+Nib.swift in Sources */,
				22C3F7A220DBA0A300C1EB79 /* AppDelegate.swift in Sources */,
				22C3F7F620DCF6F300C1EB79 /* ImageMainingVC.swift in Sources */,
				22C3F7AA20DBA0A300C1EB79 /* DemoiOSTwaalf.xcdatamodeld in Sources */,
				22C3F80220DD08B100C1EB79 /* ShadedViews.swift in Sources */,
			);
			runOnlyForDeploymentPostprocessing = 0;
		};
		22C3F7B120DBA0A600C1EB79 /* Sources */ = {
			isa = PBXSourcesBuildPhase;
			buildActionMask = 2147483647;
			files = (
				22C3F7BA20DBA0A600C1EB79 /* DemoiOSTwaalfTests.swift in Sources */,
			);
			runOnlyForDeploymentPostprocessing = 0;
		};
/* End PBXSourcesBuildPhase section */

/* Begin PBXTargetDependency section */
		22C3F7B720DBA0A600C1EB79 /* PBXTargetDependency */ = {
			isa = PBXTargetDependency;
			target = 22C3F79D20DBA0A300C1EB79 /* DemoiOSTwaalf */;
			targetProxy = 22C3F7B620DBA0A600C1EB79 /* PBXContainerItemProxy */;
		};
/* End PBXTargetDependency section */

/* Begin PBXVariantGroup section */
		22C3F7A520DBA0A300C1EB79 /* Start.storyboard */ = {
			isa = PBXVariantGroup;
			children = (
				22C3F7A620DBA0A300C1EB79 /* Base */,
			);
			name = Start.storyboard;
			sourceTree = "<group>";
		};
		22C3F7AD20DBA0A500C1EB79 /* LaunchScreen.storyboard */ = {
			isa = PBXVariantGroup;
			children = (
				22C3F7AE20DBA0A500C1EB79 /* Base */,
			);
			name = LaunchScreen.storyboard;
			sourceTree = "<group>";
		};
/* End PBXVariantGroup section */

/* Begin XCBuildConfiguration section */
		22C3F7BC20DBA0A600C1EB79 /* Debug */ = {
			isa = XCBuildConfiguration;
			buildSettings = {
				ALWAYS_SEARCH_USER_PATHS = NO;
				CLANG_ANALYZER_NONNULL = YES;
				CLANG_ANALYZER_NUMBER_OBJECT_CONVERSION = YES_AGGRESSIVE;
				CLANG_CXX_LANGUAGE_STANDARD = "gnu++14";
				CLANG_CXX_LIBRARY = "libc++";
				CLANG_ENABLE_MODULES = YES;
				CLANG_ENABLE_OBJC_ARC = YES;
				CLANG_ENABLE_OBJC_WEAK = YES;
				CLANG_WARN_BLOCK_CAPTURE_AUTORELEASING = YES;
				CLANG_WARN_BOOL_CONVERSION = YES;
				CLANG_WARN_COMMA = YES;
				CLANG_WARN_CONSTANT_CONVERSION = YES;
				CLANG_WARN_DEPRECATED_OBJC_IMPLEMENTATIONS = YES;
				CLANG_WARN_DIRECT_OBJC_ISA_USAGE = YES_ERROR;
				CLANG_WARN_DOCUMENTATION_COMMENTS = YES;
				CLANG_WARN_EMPTY_BODY = YES;
				CLANG_WARN_ENUM_CONVERSION = YES;
				CLANG_WARN_INFINITE_RECURSION = YES;
				CLANG_WARN_INT_CONVERSION = YES;
				CLANG_WARN_NON_LITERAL_NULL_CONVERSION = YES;
				CLANG_WARN_OBJC_IMPLICIT_RETAIN_SELF = YES;
				CLANG_WARN_OBJC_LITERAL_CONVERSION = YES;
				CLANG_WARN_OBJC_ROOT_CLASS = YES_ERROR;
				CLANG_WARN_RANGE_LOOP_ANALYSIS = YES;
				CLANG_WARN_STRICT_PROTOTYPES = YES;
				CLANG_WARN_SUSPICIOUS_MOVE = YES;
				CLANG_WARN_UNGUARDED_AVAILABILITY = YES_AGGRESSIVE;
				CLANG_WARN_UNREACHABLE_CODE = YES;
				CLANG_WARN__DUPLICATE_METHOD_MATCH = YES;
				CODE_SIGN_IDENTITY = "iPhone Developer";
				COPY_PHASE_STRIP = NO;
				DEBUG_INFORMATION_FORMAT = dwarf;
				ENABLE_STRICT_OBJC_MSGSEND = YES;
				ENABLE_TESTABILITY = YES;
				GCC_C_LANGUAGE_STANDARD = gnu11;
				GCC_DYNAMIC_NO_PIC = NO;
				GCC_NO_COMMON_BLOCKS = YES;
				GCC_OPTIMIZATION_LEVEL = 0;
				GCC_PREPROCESSOR_DEFINITIONS = (
					"DEBUG=1",
					"$(inherited)",
				);
				GCC_WARN_64_TO_32_BIT_CONVERSION = YES;
				GCC_WARN_ABOUT_RETURN_TYPE = YES_ERROR;
				GCC_WARN_UNDECLARED_SELECTOR = YES;
				GCC_WARN_UNINITIALIZED_AUTOS = YES_AGGRESSIVE;
				GCC_WARN_UNUSED_FUNCTION = YES;
				GCC_WARN_UNUSED_VARIABLE = YES;
				IPHONEOS_DEPLOYMENT_TARGET = 11.4;
				MTL_ENABLE_DEBUG_INFO = YES;
				ONLY_ACTIVE_ARCH = YES;
				SDKROOT = iphoneos;
				SWIFT_ACTIVE_COMPILATION_CONDITIONS = DEBUG;
				SWIFT_OPTIMIZATION_LEVEL = "-Onone";
			};
			name = Debug;
		};
		22C3F7BD20DBA0A600C1EB79 /* Release */ = {
			isa = XCBuildConfiguration;
			buildSettings = {
				ALWAYS_SEARCH_USER_PATHS = NO;
				CLANG_ANALYZER_NONNULL = YES;
				CLANG_ANALYZER_NUMBER_OBJECT_CONVERSION = YES_AGGRESSIVE;
				CLANG_CXX_LANGUAGE_STANDARD = "gnu++14";
				CLANG_CXX_LIBRARY = "libc++";
				CLANG_ENABLE_MODULES = YES;
				CLANG_ENABLE_OBJC_ARC = YES;
				CLANG_ENABLE_OBJC_WEAK = YES;
				CLANG_WARN_BLOCK_CAPTURE_AUTORELEASING = YES;
				CLANG_WARN_BOOL_CONVERSION = YES;
				CLANG_WARN_COMMA = YES;
				CLANG_WARN_CONSTANT_CONVERSION = YES;
				CLANG_WARN_DEPRECATED_OBJC_IMPLEMENTATIONS = YES;
				CLANG_WARN_DIRECT_OBJC_ISA_USAGE = YES_ERROR;
				CLANG_WARN_DOCUMENTATION_COMMENTS = YES;
				CLANG_WARN_EMPTY_BODY = YES;
				CLANG_WARN_ENUM_CONVERSION = YES;
				CLANG_WARN_INFINITE_RECURSION = YES;
				CLANG_WARN_INT_CONVERSION = YES;
				CLANG_WARN_NON_LITERAL_NULL_CONVERSION = YES;
				CLANG_WARN_OBJC_IMPLICIT_RETAIN_SELF = YES;
				CLANG_WARN_OBJC_LITERAL_CONVERSION = YES;
				CLANG_WARN_OBJC_ROOT_CLASS = YES_ERROR;
				CLANG_WARN_RANGE_LOOP_ANALYSIS = YES;
				CLANG_WARN_STRICT_PROTOTYPES = YES;
				CLANG_WARN_SUSPICIOUS_MOVE = YES;
				CLANG_WARN_UNGUARDED_AVAILABILITY = YES_AGGRESSIVE;
				CLANG_WARN_UNREACHABLE_CODE = YES;
				CLANG_WARN__DUPLICATE_METHOD_MATCH = YES;
				CODE_SIGN_IDENTITY = "iPhone Developer";
				COPY_PHASE_STRIP = NO;
				DEBUG_INFORMATION_FORMAT = "dwarf-with-dsym";
				ENABLE_NS_ASSERTIONS = NO;
				ENABLE_STRICT_OBJC_MSGSEND = YES;
				GCC_C_LANGUAGE_STANDARD = gnu11;
				GCC_NO_COMMON_BLOCKS = YES;
				GCC_WARN_64_TO_32_BIT_CONVERSION = YES;
				GCC_WARN_ABOUT_RETURN_TYPE = YES_ERROR;
				GCC_WARN_UNDECLARED_SELECTOR = YES;
				GCC_WARN_UNINITIALIZED_AUTOS = YES_AGGRESSIVE;
				GCC_WARN_UNUSED_FUNCTION = YES;
				GCC_WARN_UNUSED_VARIABLE = YES;
				IPHONEOS_DEPLOYMENT_TARGET = 11.4;
				MTL_ENABLE_DEBUG_INFO = NO;
				SDKROOT = iphoneos;
				SWIFT_COMPILATION_MODE = wholemodule;
				SWIFT_OPTIMIZATION_LEVEL = "-O";
				VALIDATE_PRODUCT = YES;
			};
			name = Release;
		};
		22C3F7BF20DBA0A600C1EB79 /* Debug */ = {
			isa = XCBuildConfiguration;
			buildSettings = {
				ASSETCATALOG_COMPILER_APPICON_NAME = AppIcon;
				CODE_SIGN_STYLE = Automatic;
				DEVELOPMENT_TEAM = F3HJA47BQU;
				INFOPLIST_FILE = DemoiOSTwaalf/Info.plist;
				LD_RUNPATH_SEARCH_PATHS = (
					"$(inherited)",
					"@executable_path/Frameworks",
				);
				PRODUCT_BUNDLE_IDENTIFIER = com.app.sololearn.swift.DemoiOSTwaalf;
				PRODUCT_NAME = "$(TARGET_NAME)";
				SWIFT_VERSION = 4.0;
				TARGETED_DEVICE_FAMILY = "1,2";
			};
			name = Debug;
		};
		22C3F7C020DBA0A600C1EB79 /* Release */ = {
			isa = XCBuildConfiguration;
			buildSettings = {
				ASSETCATALOG_COMPILER_APPICON_NAME = AppIcon;
				CODE_SIGN_STYLE = Automatic;
				DEVELOPMENT_TEAM = F3HJA47BQU;
				INFOPLIST_FILE = DemoiOSTwaalf/Info.plist;
				LD_RUNPATH_SEARCH_PATHS = (
					"$(inherited)",
					"@executable_path/Frameworks",
				);
				PRODUCT_BUNDLE_IDENTIFIER = com.app.sololearn.swift.DemoiOSTwaalf;
				PRODUCT_NAME = "$(TARGET_NAME)";
				SWIFT_VERSION = 4.0;
				TARGETED_DEVICE_FAMILY = "1,2";
			};
			name = Release;
		};
		22C3F7C220DBA0A600C1EB79 /* Debug */ = {
			isa = XCBuildConfiguration;
			buildSettings = {
				ALWAYS_EMBED_SWIFT_STANDARD_LIBRARIES = YES;
				BUNDLE_LOADER = "$(TEST_HOST)";
				CODE_SIGN_STYLE = Automatic;
				DEVELOPMENT_TEAM = AQVN3U6RX9;
				INFOPLIST_FILE = DemoiOSTwaalfTests/Info.plist;
				LD_RUNPATH_SEARCH_PATHS = (
					"$(inherited)",
					"@executable_path/Frameworks",
					"@loader_path/Frameworks",
				);
				PRODUCT_BUNDLE_IDENTIFIER = com.app.sololearn.swift.DemoiOSTwaalfTests;
				PRODUCT_NAME = "$(TARGET_NAME)";
				SWIFT_VERSION = 4.0;
				TARGETED_DEVICE_FAMILY = "1,2";
				TEST_HOST = "$(BUILT_PRODUCTS_DIR)/DemoiOSTwaalf.app/DemoiOSTwaalf";
			};
			name = Debug;
		};
		22C3F7C320DBA0A600C1EB79 /* Release */ = {
			isa = XCBuildConfiguration;
			buildSettings = {
				ALWAYS_EMBED_SWIFT_STANDARD_LIBRARIES = YES;
				BUNDLE_LOADER = "$(TEST_HOST)";
				CODE_SIGN_STYLE = Automatic;
				DEVELOPMENT_TEAM = AQVN3U6RX9;
				INFOPLIST_FILE = DemoiOSTwaalfTests/Info.plist;
				LD_RUNPATH_SEARCH_PATHS = (
					"$(inherited)",
					"@executable_path/Frameworks",
					"@loader_path/Frameworks",
				);
				PRODUCT_BUNDLE_IDENTIFIER = com.app.sololearn.swift.DemoiOSTwaalfTests;
				PRODUCT_NAME = "$(TARGET_NAME)";
				SWIFT_VERSION = 4.0;
				TARGETED_DEVICE_FAMILY = "1,2";
				TEST_HOST = "$(BUILT_PRODUCTS_DIR)/DemoiOSTwaalf.app/DemoiOSTwaalf";
			};
			name = Release;
		};
/* End XCBuildConfiguration section */

/* Begin XCConfigurationList section */
		22C3F79920DBA0A300C1EB79 /* Build configuration list for PBXProject "DemoiOSTwaalf" */ = {
			isa = XCConfigurationList;
			buildConfigurations = (
				22C3F7BC20DBA0A600C1EB79 /* Debug */,
				22C3F7BD20DBA0A600C1EB79 /* Release */,
			);
			defaultConfigurationIsVisible = 0;
			defaultConfigurationName = Release;
		};
		22C3F7BE20DBA0A600C1EB79 /* Build configuration list for PBXNativeTarget "DemoiOSTwaalf" */ = {
			isa = XCConfigurationList;
			buildConfigurations = (
				22C3F7BF20DBA0A600C1EB79 /* Debug */,
				22C3F7C020DBA0A600C1EB79 /* Release */,
			);
			defaultConfigurationIsVisible = 0;
			defaultConfigurationName = Release;
		};
		22C3F7C120DBA0A600C1EB79 /* Build configuration list for PBXNativeTarget "DemoiOSTwaalfTests" */ = {
			isa = XCConfigurationList;
			buildConfigurations = (
				22C3F7C220DBA0A600C1EB79 /* Debug */,
				22C3F7C320DBA0A600C1EB79 /* Release */,
			);
			defaultConfigurationIsVisible = 0;
			defaultConfigurationName = Release;
		};
/* End XCConfigurationList section */

/* Begin XCVersionGroup section */
		22C3F7A820DBA0A300C1EB79 /* DemoiOSTwaalf.xcdatamodeld */ = {
			isa = XCVersionGroup;
			children = (
				22C3F7A920DBA0A300C1EB79 /* DemoiOSTwaalf.xcdatamodel */,
			);
			currentVersion = 22C3F7A920DBA0A300C1EB79 /* DemoiOSTwaalf.xcdatamodel */;
			path = DemoiOSTwaalf.xcdatamodeld;
			sourceTree = "<group>";
			versionGroupType = wrapper.xcdatamodel;
		};
/* End XCVersionGroup section */
	};
	rootObject = 22C3F79620DBA0A300C1EB79 /* Project object */;
}
